{
  "name": "tgib",
  "version": "1.0.0",
  "lockfileVersion": 3,
  "requires": true,
  "packages": {
    "": {
      "name": "tgib",
      "version": "1.0.0",
      "license": "ISC",
      "dependencies": {
        "@fontsource/space-grotesk": "^4.5.13"
      }
    },
    "node_modules/@fontsource/space-grotesk": {
      "version": "4.5.13",
      "resolved": "https://registry.npmjs.org/@fontsource/space-grotesk/-/space-grotesk-4.5.13.tgz",
      "integrity": "sha512-HYjs3C/ME3N55+9la5FGH3NebpBqyCP03DJzDLYlQ/fpnYOoQcEEoojtMyqDr8kBlQtrB6FSoa3vy84Wh0ZFqw=="
    }
  }
}
